
Microsoft Visual Studio Solution File, Format Version 12.00
Project("{FAE04EC0-301F-11D3-BF4B-00C04F79EFAA}") = "RealisticLoans", "RealisticLoans.csproj", "{CB0C24EE-87BD-4637-BE09-3688F15C96AA}"
EndProject
Global
	GlobalSection(SolutionConfigurationPlatforms) = preSolution
		Debug|Any CPU = Debug|Any CPU
		Release|Any CPU = Release|Any CPU
	EndGlobalSection
	GlobalSection(ProjectConfigurationPlatforms) = postSolution
		{CB0C24EE-87BD-4637-BE09-3688F15C96AA}.Debug|Any CPU.ActiveCfg = Debug|Any CPU
		{CB0C24EE-87BD-4637-BE09-3688F15C96AA}.Debug|Any CPU.Build.0 = Debug|Any CPU
		{CB0C24EE-87BD-4637-BE09-3688F15C96AA}.Release|Any CPU.ActiveCfg = Release|Any CPU
		{CB0C24EE-87BD-4637-BE09-3688F15C96AA}.Release|Any CPU.Build.0 = Release|Any CPU
	EndGlobalSection
EndGlobal
